// !$*UTF8*$!
{
	archiveVersion = 1;
	classes = {
	};
	objectVersion = 46;
	objects = {

/* Begin PBXBuildFile section */
		CD185EA41E62AD3E000B41BB /* AppDelegate.swift in Sources */ = {isa = PBXBuildFile; fileRef = CD185EA31E62AD3E000B41BB /* AppDelegate.swift */; };
		CD185EA61E62AD3E000B41BB /* ViewController.swift in Sources */ = {isa = PBXBuildFile; fileRef = CD185EA51E62AD3E000B41BB /* ViewController.swift */; };
		CD185EA91E62AD3F000B41BB /* Main.storyboard in Resources */ = {isa = PBXBuildFile; fileRef = CD185EA71E62AD3F000B41BB /* Main.storyboard */; };
		CD185EAB1E62AD3F000B41BB /* Assets.xcassets in Resources */ = {isa = PBXBuildFile; fileRef = CD185EAA1E62AD3F000B41BB /* Assets.xcassets */; };
		CD185EAE1E62AD3F000B41BB /* LaunchScreen.storyboard in Resources */ = {isa = PBXBuildFile; fileRef = CD185EAC1E62AD3F000B41BB /* LaunchScreen.storyboard */; };
		CD185EB91E62AD3F000B41BB /* pokedex3Tests.swift in Sources */ = {isa = PBXBuildFile; fileRef = CD185EB81E62AD3F000B41BB /* pokedex3Tests.swift */; };
		CD185EC41E62AD3F000B41BB /* pokedex3UITests.swift in Sources */ = {isa = PBXBuildFile; fileRef = CD185EC31E62AD3F000B41BB /* pokedex3UITests.swift */; };
		CD185ED21E62B1A3000B41BB /* pokemon.csv in Resources */ = {isa = PBXBuildFile; fileRef = CD185ED11E62B1A3000B41BB /* pokemon.csv */; };
		CD185EDA1E62BFC5000B41BB /* Pokemon.swift in Sources */ = {isa = PBXBuildFile; fileRef = CD185ED91E62BFC5000B41BB /* Pokemon.swift */; };
		CDA321461E633704002D4BE3 /* PokeCell.swift in Sources */ = {isa = PBXBuildFile; fileRef = CDA321451E633704002D4BE3 /* PokeCell.swift */; };
		CDA321481E6350DD002D4BE3 /* csv.swift in Sources */ = {isa = PBXBuildFile; fileRef = CDA321471E6350DD002D4BE3 /* csv.swift */; };
		CDA5C2AC1E6DBE3D00B9B32F /* Constants.swift in Sources */ = {isa = PBXBuildFile; fileRef = CDA5C2AB1E6DBE3D00B9B32F /* Constants.swift */; };
		CDB108241E636C010069F32B /* pokemon.ttf in Resources */ = {isa = PBXBuildFile; fileRef = CDB108231E636C010069F32B /* pokemon.ttf */; };
		CDB108271E636E300069F32B /* music.mp3 in Resources */ = {isa = PBXBuildFile; fileRef = CDB108261E636E300069F32B /* music.mp3 */; };
		CDB108291E637A520069F32B /* PokemonDetailVC.swift in Sources */ = {isa = PBXBuildFile; fileRef = CDB108281E637A520069F32B /* PokemonDetailVC.swift */; };
		F652F7476D3D054333E53CD5 /* Pods_pokedex3.framework in Frameworks */ = {isa = PBXBuildFile; fileRef = 59FC4A3BDC17293E6A6B21F8 /* Pods_pokedex3.framework */; };
/* End PBXBuildFile section */

/* Begin PBXContainerItemProxy section */
		CD185EB51E62AD3F000B41BB /* PBXContainerItemProxy */ = {
			isa = PBXContainerItemProxy;
			containerPortal = CD185E981E62AD3E000B41BB /* Project object */;
			proxyType = 1;
			remoteGlobalIDString = CD185E9F1E62AD3E000B41BB;
			remoteInfo = pokedex3;
		};
		CD185EC01E62AD3F000B41BB /* PBXContainerItemProxy */ = {
			isa = PBXContainerItemProxy;
			containerPortal = CD185E981E62AD3E000B41BB /* Project object */;
			proxyType = 1;
			remoteGlobalIDString = CD185E9F1E62AD3E000B41BB;
			remoteInfo = pokedex3;
		};
/* End PBXContainerItemProxy section */

/* Begin PBXFileReference section */
		30282AB7BE059457AC3470D3 /* Pods-pokedex3.debug.xcconfig */ = {isa = PBXFileReference; includeInIndex = 1; lastKnownFileType = text.xcconfig; name = "Pods-pokedex3.debug.xcconfig"; path = "Pods/Target Support Files/Pods-pokedex3/Pods-pokedex3.debug.xcconfig"; sourceTree = "<group>"; };
		59FC4A3BDC17293E6A6B21F8 /* Pods_pokedex3.framework */ = {isa = PBXFileReference; explicitFileType = wrapper.framework; includeInIndex = 0; path = Pods_pokedex3.framework; sourceTree = BUILT_PRODUCTS_DIR; };
		77880A4B58B1A62E5A4709DE /* Pods_pokedex3UITests.framework */ = {isa = PBXFileReference; explicitFileType = wrapper.framework; includeInIndex = 0; path = Pods_pokedex3UITests.framework; sourceTree = BUILT_PRODUCTS_DIR; };
		A40657B370CEE5437C7DC44B /* Pods-pokedex3.release.xcconfig */ = {isa = PBXFileReference; includeInIndex = 1; lastKnownFileType = text.xcconfig; name = "Pods-pokedex3.release.xcconfig"; path = "Pods/Target Support Files/Pods-pokedex3/Pods-pokedex3.release.xcconfig"; sourceTree = "<group>"; };
		CD185EA01E62AD3E000B41BB /* pokedex3.app */ = {isa = PBXFileReference; explicitFileType = wrapper.application; includeInIndex = 0; path = pokedex3.app; sourceTree = BUILT_PRODUCTS_DIR; };
		CD185EA31E62AD3E000B41BB /* AppDelegate.swift */ = {isa = PBXFileReference; lastKnownFileType = sourcecode.swift; path = AppDelegate.swift; sourceTree = "<group>"; };
		CD185EA51E62AD3E000B41BB /* ViewController.swift */ = {isa = PBXFileReference; lastKnownFileType = sourcecode.swift; path = ViewController.swift; sourceTree = "<group>"; };
		CD185EA81E62AD3F000B41BB /* Base */ = {isa = PBXFileReference; lastKnownFileType = file.storyboard; name = Base; path = Base.lproj/Main.storyboard; sourceTree = "<group>"; };
		CD185EAA1E62AD3F000B41BB /* Assets.xcassets */ = {isa = PBXFileReference; lastKnownFileType = folder.assetcatalog; path = Assets.xcassets; sourceTree = "<group>"; };
		CD185EAD1E62AD3F000B41BB /* Base */ = {isa = PBXFileReference; lastKnownFileType = file.storyboard; name = Base; path = Base.lproj/LaunchScreen.storyboard; sourceTree = "<group>"; };
		CD185EAF1E62AD3F000B41BB /* Info.plist */ = {isa = PBXFileReference; lastKnownFileType = text.plist.xml; path = Info.plist; sourceTree = "<group>"; };
		CD185EB41E62AD3F000B41BB /* pokedex3Tests.xctest */ = {isa = PBXFileReference; explicitFileType = wrapper.cfbundle; includeInIndex = 0; path = pokedex3Tests.xctest; sourceTree = BUILT_PRODUCTS_DIR; };
		CD185EB81E62AD3F000B41BB /* pokedex3Tests.swift */ = {isa = PBXFileReference; lastKnownFileType = sourcecode.swift; path = pokedex3Tests.swift; sourceTree = "<group>"; };
		CD185EBA1E62AD3F000B41BB /* Info.plist */ = {isa = PBXFileReference; lastKnownFileType = text.plist.xml; path = Info.plist; sourceTree = "<group>"; };
		CD185EBF1E62AD3F000B41BB /* pokedex3UITests.xctest */ = {isa = PBXFileReference; explicitFileType = wrapper.cfbundle; includeInIndex = 0; path = pokedex3UITests.xctest; sourceTree = BUILT_PRODUCTS_DIR; };
		CD185EC31E62AD3F000B41BB /* pokedex3UITests.swift */ = {isa = PBXFileReference; lastKnownFileType = sourcecode.swift; path = pokedex3UITests.swift; sourceTree = "<group>"; };
		CD185EC51E62AD3F000B41BB /* Info.plist */ = {isa = PBXFileReference; lastKnownFileType = text.plist.xml; path = Info.plist; sourceTree = "<group>"; };
		CD185ED11E62B1A3000B41BB /* pokemon.csv */ = {isa = PBXFileReference; fileEncoding = 4; lastKnownFileType = text; path = pokemon.csv; sourceTree = "<group>"; };
		CD185ED91E62BFC5000B41BB /* Pokemon.swift */ = {isa = PBXFileReference; fileEncoding = 4; lastKnownFileType = sourcecode.swift; path = Pokemon.swift; sourceTree = "<group>"; };
		CDA321451E633704002D4BE3 /* PokeCell.swift */ = {isa = PBXFileReference; fileEncoding = 4; lastKnownFileType = sourcecode.swift; path = PokeCell.swift; sourceTree = "<group>"; };
		CDA321471E6350DD002D4BE3 /* csv.swift */ = {isa = PBXFileReference; fileEncoding = 4; lastKnownFileType = sourcecode.swift; path = csv.swift; sourceTree = "<group>"; };
		CDA5C2AB1E6DBE3D00B9B32F /* Constants.swift */ = {isa = PBXFileReference; fileEncoding = 4; lastKnownFileType = sourcecode.swift; path = Constants.swift; sourceTree = "<group>"; };
		CDB108231E636C010069F32B /* pokemon.ttf */ = {isa = PBXFileReference; lastKnownFileType = file; name = pokemon.ttf; path = ../pokemon.ttf; sourceTree = "<group>"; };
		CDB108261E636E300069F32B /* music.mp3 */ = {isa = PBXFileReference; lastKnownFileType = audio.mp3; path = music.mp3; sourceTree = "<group>"; };
		CDB108281E637A520069F32B /* PokemonDetailVC.swift */ = {isa = PBXFileReference; fileEncoding = 4; lastKnownFileType = sourcecode.swift; path = PokemonDetailVC.swift; sourceTree = "<group>"; };
		F15DC2DBDD6D49B230A399AB /* Pods_pokedex3Tests.framework */ = {isa = PBXFileReference; explicitFileType = wrapper.framework; includeInIndex = 0; path = Pods_pokedex3Tests.framework; sourceTree = BUILT_PRODUCTS_DIR; };
/* End PBXFileReference section */

/* Begin PBXFrameworksBuildPhase section */
		CD185E9D1E62AD3E000B41BB /* Frameworks */ = {
			isa = PBXFrameworksBuildPhase;
			buildActionMask = 2147483647;
			files = (
				F652F7476D3D054333E53CD5 /* Pods_pokedex3.framework in Frameworks */,
			);
			runOnlyForDeploymentPostprocessing = 0;
		};
		CD185EB11E62AD3F000B41BB /* Frameworks */ = {
			isa = PBXFrameworksBuildPhase;
			buildActionMask = 2147483647;
			files = (
			);
			runOnlyForDeploymentPostprocessing = 0;
		};
		CD185EBC1E62AD3F000B41BB /* Frameworks */ = {
			isa = PBXFrameworksBuildPhase;
			buildActionMask = 2147483647;
			files = (
			);
			runOnlyForDeploymentPostprocessing = 0;
		};
/* End PBXFrameworksBuildPhase section */

/* Begin PBXGroup section */
		0CC0B07F079F06B90E277C35 /* Frameworks */ = {
			isa = PBXGroup;
			children = (
				59FC4A3BDC17293E6A6B21F8 /* Pods_pokedex3.framework */,
				F15DC2DBDD6D49B230A399AB /* Pods_pokedex3Tests.framework */,
				77880A4B58B1A62E5A4709DE /* Pods_pokedex3UITests.framework */,
			);
			name = Frameworks;
			sourceTree = "<group>";
		};
		0F8EE033857783C1BAF9D996 /* Pods */ = {
			isa = PBXGroup;
			children = (
				30282AB7BE059457AC3470D3 /* Pods-pokedex3.debug.xcconfig */,
				A40657B370CEE5437C7DC44B /* Pods-pokedex3.release.xcconfig */,
			);
			name = Pods;
			sourceTree = "<group>";
		};
		CD185E971E62AD3D000B41BB = {
			isa = PBXGroup;
			children = (
				CD185EA21E62AD3E000B41BB /* pokedex3 */,
				0F8EE033857783C1BAF9D996 /* Pods */,
				0CC0B07F079F06B90E277C35 /* Frameworks */,
			);
			sourceTree = "<group>";
		};
		CD185EA11E62AD3E000B41BB /* Products */ = {
			isa = PBXGroup;
			children = (
				CD185EA01E62AD3E000B41BB /* pokedex3.app */,
				CD185EB41E62AD3F000B41BB /* pokedex3Tests.xctest */,
				CD185EBF1E62AD3F000B41BB /* pokedex3UITests.xctest */,
			);
			name = Products;
			sourceTree = "<group>";
		};
		CD185EA21E62AD3E000B41BB /* pokedex3 */ = {
			isa = PBXGroup;
			children = (
				CD185ED71E62BF89000B41BB /* void */,
				CD185ED31E62BF04000B41BB /* Model */,
				CD185ED41E62BF0F000B41BB /* View */,
				CD185ED51E62BF13000B41BB /* Controller */,
			);
			path = pokedex3;
			sourceTree = "<group>";
		};
		CD185EB71E62AD3F000B41BB /* pokedex3Tests */ = {
			isa = PBXGroup;
			children = (
				CD185EB81E62AD3F000B41BB /* pokedex3Tests.swift */,
				CD185EBA1E62AD3F000B41BB /* Info.plist */,
			);
			path = pokedex3Tests;
			sourceTree = "<group>";
		};
		CD185EC21E62AD3F000B41BB /* pokedex3UITests */ = {
			isa = PBXGroup;
			children = (
				CD185EC31E62AD3F000B41BB /* pokedex3UITests.swift */,
				CD185EC51E62AD3F000B41BB /* Info.plist */,
			);
			path = pokedex3UITests;
			sourceTree = "<group>";
		};
		CD185ED31E62BF04000B41BB /* Model */ = {
			isa = PBXGroup;
			children = (
				CD185EAF1E62AD3F000B41BB /* Info.plist */,
				CD185EA31E62AD3E000B41BB /* AppDelegate.swift */,
				CDA321471E6350DD002D4BE3 /* csv.swift */,
				CD185ED91E62BFC5000B41BB /* Pokemon.swift */,
				CDA5C2AB1E6DBE3D00B9B32F /* Constants.swift */,
			);
			name = Model;
			sourceTree = "<group>";
		};
		CD185ED41E62BF0F000B41BB /* View */ = {
			isa = PBXGroup;
			children = (
				CDB108251E636D820069F32B /* Resources */,
				CD185EAC1E62AD3F000B41BB /* LaunchScreen.storyboard */,
				CD185EA71E62AD3F000B41BB /* Main.storyboard */,
				CDA321451E633704002D4BE3 /* PokeCell.swift */,
			);
			name = View;
			sourceTree = "<group>";
		};
		CD185ED51E62BF13000B41BB /* Controller */ = {
			isa = PBXGroup;
			children = (
				CD185EA51E62AD3E000B41BB /* ViewController.swift */,
				CDB108281E637A520069F32B /* PokemonDetailVC.swift */,
			);
			name = Controller;
			sourceTree = "<group>";
		};
		CD185ED71E62BF89000B41BB /* void */ = {
			isa = PBXGroup;
			children = (
				CD185EB71E62AD3F000B41BB /* pokedex3Tests */,
				CD185EC21E62AD3F000B41BB /* pokedex3UITests */,
				CD185EA11E62AD3E000B41BB /* Products */,
			);
			name = void;
			path = ..;
			sourceTree = "<group>";
		};
		CDB108251E636D820069F32B /* Resources */ = {
			isa = PBXGroup;
			children = (
				CDB108261E636E300069F32B /* music.mp3 */,
				CD185ED11E62B1A3000B41BB /* pokemon.csv */,
				CDB108231E636C010069F32B /* pokemon.ttf */,
				CD185EAA1E62AD3F000B41BB /* Assets.xcassets */,
			);
			name = Resources;
			sourceTree = "<group>";
		};
/* End PBXGroup section */

/* Begin PBXNativeTarget section */
		CD185E9F1E62AD3E000B41BB /* pokedex3 */ = {
			isa = PBXNativeTarget;
			buildConfigurationList = CD185EC81E62AD3F000B41BB /* Build configuration list for PBXNativeTarget "pokedex3" */;
			buildPhases = (
				39BE09250DFE75EB7B374937 /* [CP] Check Pods Manifest.lock */,
				CD185E9C1E62AD3E000B41BB /* Sources */,
				CD185E9D1E62AD3E000B41BB /* Frameworks */,
				CD185E9E1E62AD3E000B41BB /* Resources */,
				E09429E36CF66BA65210C4DE /* [CP] Embed Pods Frameworks */,
				8AF8E8DDDF677128C9EE5D02 /* [CP] Copy Pods Resources */,
			);
			buildRules = (
			);
			dependencies = (
			);
			name = pokedex3;
			productName = pokedex3;
			productReference = CD185EA01E62AD3E000B41BB /* pokedex3.app */;
			productType = "com.apple.product-type.application";
		};
		CD185EB31E62AD3F000B41BB /* pokedex3Tests */ = {
			isa = PBXNativeTarget;
			buildConfigurationList = CD185ECB1E62AD3F000B41BB /* Build configuration list for PBXNativeTarget "pokedex3Tests" */;
			buildPhases = (
				CD185EB01E62AD3F000B41BB /* Sources */,
				CD185EB11E62AD3F000B41BB /* Frameworks */,
				CD185EB21E62AD3F000B41BB /* Resources */,
			);
			buildRules = (
			);
			dependencies = (
				CD185EB61E62AD3F000B41BB /* PBXTargetDependency */,
			);
			name = pokedex3Tests;
			productName = pokedex3Tests;
			productReference = CD185EB41E62AD3F000B41BB /* pokedex3Tests.xctest */;
			productType = "com.apple.product-type.bundle.unit-test";
		};
		CD185EBE1E62AD3F000B41BB /* pokedex3UITests */ = {
			isa = PBXNativeTarget;
			buildConfigurationList = CD185ECE1E62AD3F000B41BB /* Build configuration list for PBXNativeTarget "pokedex3UITests" */;
			buildPhases = (
				CD185EBB1E62AD3F000B41BB /* Sources */,
				CD185EBC1E62AD3F000B41BB /* Frameworks */,
				CD185EBD1E62AD3F000B41BB /* Resources */,
			);
			buildRules = (
			);
			dependencies = (
				CD185EC11E62AD3F000B41BB /* PBXTargetDependency */,
			);
			name = pokedex3UITests;
			productName = pokedex3UITests;
			productReference = CD185EBF1E62AD3F000B41BB /* pokedex3UITests.xctest */;
			productType = "com.apple.product-type.bundle.ui-testing";
		};
/* End PBXNativeTarget section */

/* Begin PBXProject section */
		CD185E981E62AD3E000B41BB /* Project object */ = {
			isa = PBXProject;
			attributes = {
				LastSwiftUpdateCheck = 0820;
				LastUpgradeCheck = 0820;
				ORGANIZATIONNAME = imdaeshawn;
				TargetAttributes = {
					CD185E9F1E62AD3E000B41BB = {
						CreatedOnToolsVersion = 8.2.1;
						DevelopmentTeam = SW66WKJACT;
						LastSwiftMigration = 0820;
						ProvisioningStyle = Automatic;
					};
					CD185EB31E62AD3F000B41BB = {
						CreatedOnToolsVersion = 8.2.1;
						DevelopmentTeam = SW66WKJACT;
						LastSwiftMigration = 0820;
						ProvisioningStyle = Automatic;
						TestTargetID = CD185E9F1E62AD3E000B41BB;
					};
					CD185EBE1E62AD3F000B41BB = {
						CreatedOnToolsVersion = 8.2.1;
						DevelopmentTeam = SW66WKJACT;
						LastSwiftMigration = 0820;
						ProvisioningStyle = Automatic;
						TestTargetID = CD185E9F1E62AD3E000B41BB;
					};
				};
			};
			buildConfigurationList = CD185E9B1E62AD3E000B41BB /* Build configuration list for PBXProject "pokedex3" */;
			compatibilityVersion = "Xcode 3.2";
			developmentRegion = English;
			hasScannedForEncodings = 0;
			knownRegions = (
				en,
				Base,
			);
			mainGroup = CD185E971E62AD3D000B41BB;
			productRefGroup = CD185EA11E62AD3E000B41BB /* Products */;
			projectDirPath = "";
			projectRoot = "";
			targets = (
				CD185E9F1E62AD3E000B41BB /* pokedex3 */,
				CD185EB31E62AD3F000B41BB /* pokedex3Tests */,
				CD185EBE1E62AD3F000B41BB /* pokedex3UITests */,
			);
		};
/* End PBXProject section */

/* Begin PBXResourcesBuildPhase section */
		CD185E9E1E62AD3E000B41BB /* Resources */ = {
			isa = PBXResourcesBuildPhase;
			buildActionMask = 2147483647;
			files = (
				CDB108241E636C010069F32B /* pokemon.ttf in Resources */,
				CD185EAE1E62AD3F000B41BB /* LaunchScreen.storyboard in Resources */,
				CDB108271E636E300069F32B /* music.mp3 in Resources */,
				CD185EAB1E62AD3F000B41BB /* Assets.xcassets in Resources */,
				CD185ED21E62B1A3000B41BB /* pokemon.csv in Resources */,
				CD185EA91E62AD3F000B41BB /* Main.storyboard in Resources */,
			);
			runOnlyForDeploymentPostprocessing = 0;
		};
		CD185EB21E62AD3F000B41BB /* Resources */ = {
			isa = PBXResourcesBuildPhase;
			buildActionMask = 2147483647;
			files = (
			);
			runOnlyForDeploymentPostprocessing = 0;
		};
		CD185EBD1E62AD3F000B41BB /* Resources */ = {
			isa = PBXResourcesBuildPhase;
			buildActionMask = 2147483647;
			files = (
			);
			runOnlyForDeploymentPostprocessing = 0;
		};
/* End PBXResourcesBuildPhase section */

/* Begin PBXShellScriptBuildPhase section */
		39BE09250DFE75EB7B374937 /* [CP] Check Pods Manifest.lock */ = {
			isa = PBXShellScriptBuildPhase;
			buildActionMask = 2147483647;
			files = (
			);
			inputPaths = (
			);
			name = "[CP] Check Pods Manifest.lock";
			outputPaths = (
			);
			runOnlyForDeploymentPostprocessing = 0;
			shellPath = /bin/sh;
			shellScript = "diff \"${PODS_ROOT}/../Podfile.lock\" \"${PODS_ROOT}/Manifest.lock\" > /dev/null\nif [ $? != 0 ] ; then\n    # print error to STDERR\n    echo \"error: The sandbox is not in sync with the Podfile.lock. Run 'pod install' or update your CocoaPods installation.\" >&2\n    exit 1\nfi\n";
			showEnvVarsInLog = 0;
		};
		8AF8E8DDDF677128C9EE5D02 /* [CP] Copy Pods Resources */ = {
			isa = PBXShellScriptBuildPhase;
			buildActionMask = 2147483647;
			files = (
			);
			inputPaths = (
			);
			name = "[CP] Copy Pods Resources";
			outputPaths = (
			);
			runOnlyForDeploymentPostprocessing = 0;
			shellPath = /bin/sh;
			shellScript = "\"${SRCROOT}/Pods/Target Support Files/Pods-pokedex3/Pods-pokedex3-resources.sh\"\n";
			showEnvVarsInLog = 0;
		};
		E09429E36CF66BA65210C4DE /* [CP] Embed Pods Frameworks */ = {
			isa = PBXShellScriptBuildPhase;
			buildActionMask = 2147483647;
			files = (
			);
			inputPaths = (
			);
			name = "[CP] Embed Pods Frameworks";
			outputPaths = (
			);
			runOnlyForDeploymentPostprocessing = 0;
			shellPath = /bin/sh;
			shellScript = "\"${SRCROOT}/Pods/Target Support Files/Pods-pokedex3/Pods-pokedex3-frameworks.sh\"\n";
			showEnvVarsInLog = 0;
		};
/* End PBXShellScriptBuildPhase section */

/* Begin PBXSourcesBuildPhase section */
		CD185E9C1E62AD3E000B41BB /* Sources */ = {
			isa = PBXSourcesBuildPhase;
			buildActionMask = 2147483647;
			files = (
				CDA321461E633704002D4BE3 /* PokeCell.swift in Sources */,
				CD185EDA1E62BFC5000B41BB /* Pokemon.swift in Sources */,
				CD185EA61E62AD3E000B41BB /* ViewController.swift in Sources */,
				CDB108291E637A520069F32B /* PokemonDetailVC.swift in Sources */,
				CDA5C2AC1E6DBE3D00B9B32F /* Constants.swift in Sources */,
				CD185EA41E62AD3E000B41BB /* AppDelegate.swift in Sources */,
				CDA321481E6350DD002D4BE3 /* csv.swift in Sources */,
			);
			runOnlyForDeploymentPostprocessing = 0;
		};
		CD185EB01E62AD3F000B41BB /* Sources */ = {
			isa = PBXSourcesBuildPhase;
			buildActionMask = 2147483647;
			files = (
				CD185EB91E62AD3F000B41BB /* pokedex3Tests.swift in Sources */,
			);
			runOnlyForDeploymentPostprocessing = 0;
		};
		CD185EBB1E62AD3F000B41BB /* Sources */ = {
			isa = PBXSourcesBuildPhase;
			buildActionMask = 2147483647;
			files = (
				CD185EC41E62AD3F000B41BB /* pokedex3UITests.swift in Sources */,
			);
			runOnlyForDeploymentPostprocessing = 0;
		};
/* End PBXSourcesBuildPhase section */

/* Begin PBXTargetDependency section */
		CD185EB61E62AD3F000B41BB /* PBXTargetDependency */ = {
			isa = PBXTargetDependency;
			target = CD185E9F1E62AD3E000B41BB /* pokedex3 */;
			targetProxy = CD185EB51E62AD3F000B41BB /* PBXContainerItemProxy */;
		};
		CD185EC11E62AD3F000B41BB /* PBXTargetDependency */ = {
			isa = PBXTargetDependency;
			target = CD185E9F1E62AD3E000B41BB /* pokedex3 */;
			targetProxy = CD185EC01E62AD3F000B41BB /* PBXContainerItemProxy */;
		};
/* End PBXTargetDependency section */

/* Begin PBXVariantGroup section */
		CD185EA71E62AD3F000B41BB /* Main.storyboard */ = {
			isa = PBXVariantGroup;
			children = (
				CD185EA81E62AD3F000B41BB /* Base */,
			);
			name = Main.storyboard;
			sourceTree = "<group>";
		};
		CD185EAC1E62AD3F000B41BB /* LaunchScreen.storyboard */ = {
			isa = PBXVariantGroup;
			children = (
				CD185EAD1E62AD3F000B41BB /* Base */,
			);
			name = LaunchScreen.storyboard;
			sourceTree = "<group>";
		};
/* End PBXVariantGroup section */

/* Begin XCBuildConfiguration section */
		CD185EC61E62AD3F000B41BB /* Debug */ = {
			isa = XCBuildConfiguration;
			buildSettings = {
				ALWAYS_SEARCH_USER_PATHS = NO;
				CLANG_ANALYZER_NONNULL = YES;
				CLANG_CXX_LANGUAGE_STANDARD = "gnu++0x";
				CLANG_CXX_LIBRARY = "libc++";
				CLANG_ENABLE_MODULES = YES;
				CLANG_ENABLE_OBJC_ARC = YES;
				CLANG_WARN_BOOL_CONVERSION = YES;
				CLANG_WARN_CONSTANT_CONVERSION = YES;
				CLANG_WARN_DIRECT_OBJC_ISA_USAGE = YES_ERROR;
				CLANG_WARN_DOCUMENTATION_COMMENTS = YES;
				CLANG_WARN_EMPTY_BODY = YES;
				CLANG_WARN_ENUM_CONVERSION = YES;
				CLANG_WARN_INFINITE_RECURSION = YES;
				CLANG_WARN_INT_CONVERSION = YES;
				CLANG_WARN_OBJC_ROOT_CLASS = YES_ERROR;
				CLANG_WARN_SUSPICIOUS_MOVE = YES;
				CLANG_WARN_UNREACHABLE_CODE = YES;
				CLANG_WARN__DUPLICATE_METHOD_MATCH = YES;
				"CODE_SIGN_IDENTITY[sdk=iphoneos*]" = "iPhone Developer";
				COPY_PHASE_STRIP = NO;
				DEBUG_INFORMATION_FORMAT = dwarf;
				ENABLE_STRICT_OBJC_MSGSEND = YES;
				ENABLE_TESTABILITY = YES;
				GCC_C_LANGUAGE_STANDARD = gnu99;
				GCC_DYNAMIC_NO_PIC = NO;
				GCC_NO_COMMON_BLOCKS = YES;
				GCC_OPTIMIZATION_LEVEL = 0;
				GCC_PREPROCESSOR_DEFINITIONS = (
					"DEBUG=1",
					"$(inherited)",
				);
				GCC_WARN_64_TO_32_BIT_CONVERSION = YES;
				GCC_WARN_ABOUT_RETURN_TYPE = YES_ERROR;
				GCC_WARN_UNDECLARED_SELECTOR = YES;
				GCC_WARN_UNINITIALIZED_AUTOS = YES_AGGRESSIVE;
				GCC_WARN_UNUSED_FUNCTION = YES;
				GCC_WARN_UNUSED_VARIABLE = YES;
				IPHONEOS_DEPLOYMENT_TARGET = 10.2;
				MTL_ENABLE_DEBUG_INFO = YES;
				ONLY_ACTIVE_ARCH = YES;
				SDKROOT = iphoneos;
				SWIFT_ACTIVE_COMPILATION_CONDITIONS = DEBUG;
				SWIFT_OPTIMIZATION_LEVEL = "-Onone";
				TARGETED_DEVICE_FAMILY = "1,2";
			};
			name = Debug;
		};
		CD185EC71E62AD3F000B41BB /* Release */ = {
			isa = XCBuildConfiguration;
			buildSettings = {
				ALWAYS_SEARCH_USER_PATHS = NO;
				CLANG_ANALYZER_NONNULL = YES;
				CLANG_CXX_LANGUAGE_STANDARD = "gnu++0x";
				CLANG_CXX_LIBRARY = "libc++";
				CLANG_ENABLE_MODULES = YES;
				CLANG_ENABLE_OBJC_ARC = YES;
				CLANG_WARN_BOOL_CONVERSION = YES;
				CLANG_WARN_CONSTANT_CONVERSION = YES;
				CLANG_WARN_DIRECT_OBJC_ISA_USAGE = YES_ERROR;
				CLANG_WARN_DOCUMENTATION_COMMENTS = YES;
				CLANG_WARN_EMPTY_BODY = YES;
				CLANG_WARN_ENUM_CONVERSION = YES;
				CLANG_WARN_INFINITE_RECURSION = YES;
				CLANG_WARN_INT_CONVERSION = YES;
				CLANG_WARN_OBJC_ROOT_CLASS = YES_ERROR;
				CLANG_WARN_SUSPICIOUS_MOVE = YES;
				CLANG_WARN_UNREACHABLE_CODE = YES;
				CLANG_WARN__DUPLICATE_METHOD_MATCH = YES;
				"CODE_SIGN_IDENTITY[sdk=iphoneos*]" = "iPhone Developer";
				COPY_PHASE_STRIP = NO;
				DEBUG_INFORMATION_FORMAT = "dwarf-with-dsym";
				ENABLE_NS_ASSERTIONS = NO;
				ENABLE_STRICT_OBJC_MSGSEND = YES;
				GCC_C_LANGUAGE_STANDARD = gnu99;
				GCC_NO_COMMON_BLOCKS = YES;
				GCC_WARN_64_TO_32_BIT_CONVERSION = YES;
				GCC_WARN_ABOUT_RETURN_TYPE = YES_ERROR;
				GCC_WARN_UNDECLARED_SELECTOR = YES;
				GCC_WARN_UNINITIALIZED_AUTOS = YES_AGGRESSIVE;
				GCC_WARN_UNUSED_FUNCTION = YES;
				GCC_WARN_UNUSED_VARIABLE = YES;
				IPHONEOS_DEPLOYMENT_TARGET = 10.2;
				MTL_ENABLE_DEBUG_INFO = NO;
				SDKROOT = iphoneos;
				SWIFT_OPTIMIZATION_LEVEL = "-Owholemodule";
				TARGETED_DEVICE_FAMILY = "1,2";
				VALIDATE_PRODUCT = YES;
			};
			name = Release;
		};
		CD185EC91E62AD3F000B41BB /* Debug */ = {
			isa = XCBuildConfiguration;
			baseConfigurationReference = 30282AB7BE059457AC3470D3 /* Pods-pokedex3.debug.xcconfig */;
			buildSettings = {
				ASSETCATALOG_COMPILER_APPICON_NAME = AppIcon;
				DEVELOPMENT_TEAM = SW66WKJACT;
				INFOPLIST_FILE = pokedex3/Info.plist;
				LD_RUNPATH_SEARCH_PATHS = "$(inherited) @executable_path/Frameworks";
				PRODUCT_BUNDLE_IDENTIFIER = com.imdaeshawn.pokedex3;
				PRODUCT_NAME = "$(TARGET_NAME)";
				SWIFT_VERSION = 3.0;
			};
			name = Debug;
		};
		CD185ECA1E62AD3F000B41BB /* Release */ = {
			isa = XCBuildConfiguration;
			baseConfigurationReference = A40657B370CEE5437C7DC44B /* Pods-pokedex3.release.xcconfig */;
			buildSettings = {
				ASSETCATALOG_COMPILER_APPICON_NAME = AppIcon;
				DEVELOPMENT_TEAM = SW66WKJACT;
				INFOPLIST_FILE = pokedex3/Info.plist;
				LD_RUNPATH_SEARCH_PATHS = "$(inherited) @executable_path/Frameworks";
				PRODUCT_BUNDLE_IDENTIFIER = com.imdaeshawn.pokedex3;
				PRODUCT_NAME = "$(TARGET_NAME)";
				SWIFT_VERSION = 3.0;
			};
			name = Release;
		};
		CD185ECC1E62AD3F000B41BB /* Debug */ = {
			isa = XCBuildConfiguration;
			buildSettings = {
				ALWAYS_EMBED_SWIFT_STANDARD_LIBRARIES = YES;
				BUNDLE_LOADER = "$(TEST_HOST)";
				DEVELOPMENT_TEAM = SW66WKJACT;
				INFOPLIST_FILE = pokedex3Tests/Info.plist;
				LD_RUNPATH_SEARCH_PATHS = "$(inherited) @executable_path/Frameworks @loader_path/Frameworks";
				PRODUCT_BUNDLE_IDENTIFIER = com.imdaeshawn.pokedex3Tests;
				PRODUCT_NAME = "$(TARGET_NAME)";
				SWIFT_VERSION = 3.0;
				TEST_HOST = "$(BUILT_PRODUCTS_DIR)/pokedex3.app/pokedex3";
			};
			name = Debug;
		};
		CD185ECD1E62AD3F000B41BB /* Release */ = {
			isa = XCBuildConfiguration;
			buildSettings = {
				ALWAYS_EMBED_SWIFT_STANDARD_LIBRARIES = YES;
				BUNDLE_LOADER = "$(TEST_HOST)";
				DEVELOPMENT_TEAM = SW66WKJACT;
				INFOPLIST_FILE = pokedex3Tests/Info.plist;
				LD_RUNPATH_SEARCH_PATHS = "$(inherited) @executable_path/Frameworks @loader_path/Frameworks";
				PRODUCT_BUNDLE_IDENTIFIER = com.imdaeshawn.pokedex3Tests;
				PRODUCT_NAME = "$(TARGET_NAME)";
				SWIFT_VERSION = 3.0;
				TEST_HOST = "$(BUILT_PRODUCTS_DIR)/pokedex3.app/pokedex3";
			};
			name = Release;
		};
		CD185ECF1E62AD3F000B41BB /* Debug */ = {
			isa = XCBuildConfiguration;
			buildSettings = {
				ALWAYS_EMBED_SWIFT_STANDARD_LIBRARIES = YES;
				DEVELOPMENT_TEAM = SW66WKJACT;
				INFOPLIST_FILE = pokedex3UITests/Info.plist;
				LD_RUNPATH_SEARCH_PATHS = "$(inherited) @executable_path/Frameworks @loader_path/Frameworks";
				PRODUCT_BUNDLE_IDENTIFIER = com.imdaeshawn.pokedex3UITests;
				PRODUCT_NAME = "$(TARGET_NAME)";
				SWIFT_VERSION = 3.0;
				TEST_TARGET_NAME = pokedex3;
			};
			name = Debug;
		};
		CD185ED01E62AD3F000B41BB /* Release */ = {
			isa = XCBuildConfiguration;
			buildSettings = {
				ALWAYS_EMBED_SWIFT_STANDARD_LIBRARIES = YES;
				DEVELOPMENT_TEAM = SW66WKJACT;
				INFOPLIST_FILE = pokedex3UITests/Info.plist;
				LD_RUNPATH_SEARCH_PATHS = "$(inherited) @executable_path/Frameworks @loader_path/Frameworks";
				PRODUCT_BUNDLE_IDENTIFIER = com.imdaeshawn.pokedex3UITests;
				PRODUCT_NAME = "$(TARGET_NAME)";
				SWIFT_VERSION = 3.0;
				TEST_TARGET_NAME = pokedex3;
			};
			name = Release;
		};
/* End XCBuildConfiguration section */

/* Begin XCConfigurationList section */
		CD185E9B1E62AD3E000B41BB /* Build configuration list for PBXProject "pokedex3" */ = {
			isa = XCConfigurationList;
			buildConfigurations = (
				CD185EC61E62AD3F000B41BB /* Debug */,
				CD185EC71E62AD3F000B41BB /* Release */,
			);
			defaultConfigurationIsVisible = 0;
			defaultConfigurationName = Release;
		};
		CD185EC81E62AD3F000B41BB /* Build configuration list for PBXNativeTarget "pokedex3" */ = {
			isa = XCConfigurationList;
			buildConfigurations = (
				CD185EC91E62AD3F000B41BB /* Debug */,
				CD185ECA1E62AD3F000B41BB /* Release */,
			);
			defaultConfigurationIsVisible = 0;
			defaultConfigurationName = Release;
		};
		CD185ECB1E62AD3F000B41BB /* Build configuration list for PBXNativeTarget "pokedex3Tests" */ = {
			isa = XCConfigurationList;
			buildConfigurations = (
				CD185ECC1E62AD3F000B41BB /* Debug */,
				CD185ECD1E62AD3F000B41BB /* Release */,
			);
			defaultConfigurationIsVisible = 0;
			defaultConfigurationName = Release;
		};
		CD185ECE1E62AD3F000B41BB /* Build configuration list for PBXNativeTarget "pokedex3UITests" */ = {
			isa = XCConfigurationList;
			buildConfigurations = (
				CD185ECF1E62AD3F000B41BB /* Debug */,
				CD185ED01E62AD3F000B41BB /* Release */,
			);
			defaultConfigurationIsVisible = 0;
			defaultConfigurationName = Release;
		};
/* End XCConfigurationList section */
	};
	rootObject = CD185E981E62AD3E000B41BB /* Project object */;
}
